
Microsoft Visual Studio Solution File, Format Version 12.00
# Visual Studio Version 17
VisualStudioVersion = 17.11.35219.272
MinimumVisualStudioVersion = 10.0.40219.1
Project("{9A19103F-16F7-4668-BE54-9A1E7A4F7556}") = "LogicaNegocio", "LogicaNegocio\LogicaNegocio.csproj", "{31874DDD-D410-43C1-9904-7679D945FD7D}"
EndProject
Project("{9A19103F-16F7-4668-BE54-9A1E7A4F7556}") = "WebMVC", "WebMVC\WebMVC.csproj", "{F46214A2-07C3-475B-BE2E-820ABEA3BF1B}"
EndProject
Project("{9A19103F-16F7-4668-BE54-9A1E7A4F7556}") = "LogicaAplicacion", "LogicaAplicacion\LogicaAplicacion.csproj", "{26B0B4C6-054D-4295-9F52-713F3DFC6424}"
EndProject
Project("{9A19103F-16F7-4668-BE54-9A1E7A4F7556}") = "LogicaAccesoDatos", "LogicaAccesoDatos\LogicaAccesoDatos.csproj", "{75D5505E-379C-41FF-97F6-FFBB8A2D9684}"
EndProject
Project("{9A19103F-16F7-4668-BE54-9A1E7A4F7556}") = "CasoUsoCompartida", "CasoUsoCompartida\CasoUsoCompartida.csproj", "{B1EAF6AE-661A-4570-B074-1455CC4C93FC}"
EndProject
Project("{9A19103F-16F7-4668-BE54-9A1E7A4F7556}") = "ApiObligatorio", "ApiObligatorio\ApiObligatorio.csproj", "{7349241A-1CFC-4CBB-B76A-6EA49593B7EE}"
EndProject
Project("{FAE04EC0-301F-11D3-BF4B-00C04F79EFBC}") = "AppCliente", "AppCliente\AppCliente.csproj", "{E6BD6382-7A45-464C-A2B7-196E32376839}"
EndProject
Global
	GlobalSection(SolutionConfigurationPlatforms) = preSolution
		Debug|Any CPU = Debug|Any CPU
		Release|Any CPU = Release|Any CPU
	EndGlobalSection
	GlobalSection(ProjectConfigurationPlatforms) = postSolution
		{31874DDD-D410-43C1-9904-7679D945FD7D}.Debug|Any CPU.ActiveCfg = Debug|Any CPU
		{31874DDD-D410-43C1-9904-7679D945FD7D}.Debug|Any CPU.Build.0 = Debug|Any CPU
		{31874DDD-D410-43C1-9904-7679D945FD7D}.Release|Any CPU.ActiveCfg = Release|Any CPU
		{31874DDD-D410-43C1-9904-7679D945FD7D}.Release|Any CPU.Build.0 = Release|Any CPU
		{F46214A2-07C3-475B-BE2E-820ABEA3BF1B}.Debug|Any CPU.ActiveCfg = Debug|Any CPU
		{F46214A2-07C3-475B-BE2E-820ABEA3BF1B}.Debug|Any CPU.Build.0 = Debug|Any CPU
		{F46214A2-07C3-475B-BE2E-820ABEA3BF1B}.Release|Any CPU.ActiveCfg = Release|Any CPU
		{F46214A2-07C3-475B-BE2E-820ABEA3BF1B}.Release|Any CPU.Build.0 = Release|Any CPU
		{26B0B4C6-054D-4295-9F52-713F3DFC6424}.Debug|Any CPU.ActiveCfg = Debug|Any CPU
		{26B0B4C6-054D-4295-9F52-713F3DFC6424}.Debug|Any CPU.Build.0 = Debug|Any CPU
		{26B0B4C6-054D-4295-9F52-713F3DFC6424}.Release|Any CPU.ActiveCfg = Release|Any CPU
		{26B0B4C6-054D-4295-9F52-713F3DFC6424}.Release|Any CPU.Build.0 = Release|Any CPU
		{75D5505E-379C-41FF-97F6-FFBB8A2D9684}.Debug|Any CPU.ActiveCfg = Debug|Any CPU
		{75D5505E-379C-41FF-97F6-FFBB8A2D9684}.Debug|Any CPU.Build.0 = Debug|Any CPU
		{75D5505E-379C-41FF-97F6-FFBB8A2D9684}.Release|Any CPU.ActiveCfg = Release|Any CPU
		{75D5505E-379C-41FF-97F6-FFBB8A2D9684}.Release|Any CPU.Build.0 = Release|Any CPU
		{B1EAF6AE-661A-4570-B074-1455CC4C93FC}.Debug|Any CPU.ActiveCfg = Debug|Any CPU
		{B1EAF6AE-661A-4570-B074-1455CC4C93FC}.Debug|Any CPU.Build.0 = Debug|Any CPU
		{B1EAF6AE-661A-4570-B074-1455CC4C93FC}.Release|Any CPU.ActiveCfg = Release|Any CPU
		{B1EAF6AE-661A-4570-B074-1455CC4C93FC}.Release|Any CPU.Build.0 = Release|Any CPU
		{7349241A-1CFC-4CBB-B76A-6EA49593B7EE}.Debug|Any CPU.ActiveCfg = Debug|Any CPU
		{7349241A-1CFC-4CBB-B76A-6EA49593B7EE}.Debug|Any CPU.Build.0 = Debug|Any CPU
		{7349241A-1CFC-4CBB-B76A-6EA49593B7EE}.Release|Any CPU.ActiveCfg = Release|Any CPU
		{7349241A-1CFC-4CBB-B76A-6EA49593B7EE}.Release|Any CPU.Build.0 = Release|Any CPU
		{E6BD6382-7A45-464C-A2B7-196E32376839}.Debug|Any CPU.ActiveCfg = Debug|Any CPU
		{E6BD6382-7A45-464C-A2B7-196E32376839}.Debug|Any CPU.Build.0 = Debug|Any CPU
		{E6BD6382-7A45-464C-A2B7-196E32376839}.Release|Any CPU.ActiveCfg = Release|Any CPU
		{E6BD6382-7A45-464C-A2B7-196E32376839}.Release|Any CPU.Build.0 = Release|Any CPU
	EndGlobalSection
	GlobalSection(SolutionProperties) = preSolution
		HideSolutionNode = FALSE
	EndGlobalSection
	GlobalSection(ExtensibilityGlobals) = postSolution
		SolutionGuid = {B80D0D11-5500-47EE-BCA7-7703D64F44DD}
	EndGlobalSection
EndGlobal
